{
  "name": "test-pdf-upload-aws",
  "version": "1.0.0",
  "lockfileVersion": 1,
  "requires": true,
  "dependencies": {
    "@aws-cdk/assert": {
      "version": "1.111.0",
      "resolved": "https://registry.npmjs.org/@aws-cdk/assert/-/assert-1.111.0.tgz",
      "integrity": "sha512-21pN2GpeULc/P1j+9KevxuHdAZOdwwTHIwoTrXffYtVU6ZgxFImvDv3WrZ+gBgf7fsK8LmzYmGzzOF5hpeoe6w==",
      "requires": {
        "@aws-cdk/cloudformation-diff": "1.111.0",
        "@aws-cdk/core": "1.111.0",
        "@aws-cdk/cx-api": "1.111.0",
        "constructs": "^3.3.69"
      }
    },
    "@aws-cdk/assets": {
      "version": "1.111.0",
      "resolved": "https://registry.npmjs.org/@aws-cdk/assets/-/assets-1.111.0.tgz",
      "integrity": "sha512-O1jZ0cZNxqjSc0tknbecEZZYw5VJxFLsruQT8WguUR0cW2+B6ukdyZw6NBZxAMDrXavWDbqiR/1rdchvm5c+QQ==",
      "requires": {
        "@aws-cdk/core": "1.111.0",
        "@aws-cdk/cx-api": "1.111.0",
        "constructs": "^3.3.69"
      }
    },
    "@aws-cdk/aws-apigatewayv2": {
      "version": "1.111.0",
      "resolved": "https://registry.npmjs.org/@aws-cdk/aws-apigatewayv2/-/aws-apigatewayv2-1.111.0.tgz",
      "integrity": "sha512-NwuiP1jeoStFNKGpUuFDAuztlzQVT+vv3Wy6DW9EkuyZFo1F+/K5Z4f+rsR47mavweRaDcuUIC2UnI+eQI73gw==",
      "requires": {
        "@aws-cdk/aws-certificatemanager": "1.111.0",
        "@aws-cdk/aws-cloudwatch": "1.111.0",
        "@aws-cdk/aws-ec2": "1.111.0",
        "@aws-cdk/aws-iam": "1.111.0",
        "@aws-cdk/core": "1.111.0",
        "constructs": "^3.3.69"
      }
    },
    "@aws-cdk/aws-apigatewayv2-integrations": {
      "version": "1.111.0",
      "resolved": "https://registry.npmjs.org/@aws-cdk/aws-apigatewayv2-integrations/-/aws-apigatewayv2-integrations-1.111.0.tgz",
      "integrity": "sha512-P0rk5FoVlntTL8A7gc1JccFkVYrqQFlblICHCHCeq0Kw9AHTsgQafBBoC5TQSyWSdgJx+G2r9+4gUvoeTVZ6ZQ==",
      "requires": {
        "@aws-cdk/aws-apigatewayv2": "1.111.0",
        "@aws-cdk/aws-ec2": "1.111.0",
        "@aws-cdk/aws-elasticloadbalancingv2": "1.111.0",
        "@aws-cdk/aws-iam": "1.111.0",
        "@aws-cdk/aws-lambda": "1.111.0",
        "@aws-cdk/aws-servicediscovery": "1.111.0",
        "@aws-cdk/core": "1.111.0",
        "constructs": "^3.3.69"
      }
    },
    "@aws-cdk/aws-applicationautoscaling": {
      "version": "1.111.0",
      "resolved": "https://registry.npmjs.org/@aws-cdk/aws-applicationautoscaling/-/aws-applicationautoscaling-1.111.0.tgz",
      "integrity": "sha512-C3XMt3MzvyGTIIksu8/13wSTzE4002MN7+GxBajAbzhSmy7djodCX/FsynQBR/Nfibcabxc0vv1HUoT9JkHf2Q==",
      "requires": {
        "@aws-cdk/aws-autoscaling-common": "1.111.0",
        "@aws-cdk/aws-cloudwatch": "1.111.0",
        "@aws-cdk/aws-iam": "1.111.0",
        "@aws-cdk/core": "1.111.0",
        "constructs": "^3.3.69"
      }
    },
    "@aws-cdk/aws-autoscaling-common": {
      "version": "1.111.0",
      "resolved": "https://registry.npmjs.org/@aws-cdk/aws-autoscaling-common/-/aws-autoscaling-common-1.111.0.tgz",
      "integrity": "sha512-JFpxEXOq9JVYcmJ5Bk61jP0lqTL06HjnxiI6lauVNr0LGWlHx1C2dOOr+9rBCRvJxfrKuTXoduPv8E4ywE607A==",
      "requires": {
        "@aws-cdk/aws-iam": "1.111.0",
        "@aws-cdk/core": "1.111.0",
        "constructs": "^3.3.69"
      }
    },
    "@aws-cdk/aws-certificatemanager": {
      "version": "1.111.0",
      "resolved": "https://registry.npmjs.org/@aws-cdk/aws-certificatemanager/-/aws-certificatemanager-1.111.0.tgz",
      "integrity": "sha512-g5XwE+C4wJtBsNvdEG+eeIDlQsrE8dajED2moCgwdM/CRdVCYE35lPNlxdZoRE0kAZfg5km2CKA07sn3PeRY/A==",
      "requires": {
        "@aws-cdk/aws-iam": "1.111.0",
        "@aws-cdk/aws-lambda": "1.111.0",
        "@aws-cdk/aws-route53": "1.111.0",
        "@aws-cdk/core": "1.111.0",
        "constructs": "^3.3.69"
      }
    },
    "@aws-cdk/aws-cloudformation": {
      "version": "1.111.0",
      "resolved": "https://registry.npmjs.org/@aws-cdk/aws-cloudformation/-/aws-cloudformation-1.111.0.tgz",
      "integrity": "sha512-JTHRg8womhclxYpI6Q5POIvML2C3bXmBu2hS1UKpe1uStoceR/u9AxI9uEaxlmvoQhK/TU08GIOFihpBlJeD1w==",
      "requires": {
        "@aws-cdk/aws-iam": "1.111.0",
        "@aws-cdk/aws-lambda": "1.111.0",
        "@aws-cdk/aws-s3": "1.111.0",
        "@aws-cdk/aws-sns": "1.111.0",
        "@aws-cdk/core": "1.111.0",
        "@aws-cdk/cx-api": "1.111.0",
        "constructs": "^3.3.69"
      }
    },
    "@aws-cdk/aws-cloudwatch": {
      "version": "1.111.0",
      "resolved": "https://registry.npmjs.org/@aws-cdk/aws-cloudwatch/-/aws-cloudwatch-1.111.0.tgz",
      "integrity": "sha512-VdJrl53JJKpvK3tPJOGW46rq4BkVci1UaR2scJYzrFEvlUpnTk4TRrGWUZQ3h/A6tgJnitfY4JMhvuwLWGKOuQ==",
      "requires": {
        "@aws-cdk/aws-iam": "1.111.0",
        "@aws-cdk/core": "1.111.0",
        "constructs": "^3.3.69"
      }
    },
    "@aws-cdk/aws-codeguruprofiler": {
      "version": "1.111.0",
      "resolved": "https://registry.npmjs.org/@aws-cdk/aws-codeguruprofiler/-/aws-codeguruprofiler-1.111.0.tgz",
      "integrity": "sha512-0nu8gi5vmKS7RjrFp7wjq/6x15lKXcYVsypOKXKb8EfSY1lizmJne5xhuh/mn1LtNqNq/x4mLQ14zBGi0dGUmQ==",
      "requires": {
        "@aws-cdk/aws-iam": "1.111.0",
        "@aws-cdk/core": "1.111.0",
        "constructs": "^3.3.69"
      }
    },
    "@aws-cdk/aws-codestarnotifications": {
      "version": "1.111.0",
      "resolved": "https://registry.npmjs.org/@aws-cdk/aws-codestarnotifications/-/aws-codestarnotifications-1.111.0.tgz",
      "integrity": "sha512-BunSZn7cCtKvDnpK0+VMxKbGcBK2h8I3UpiZXqVOGn+a+fpHNGcfRLV1r7u7QUXUiKYy1OlO+ip7PK9oWtP8mQ==",
      "requires": {
        "@aws-cdk/core": "1.111.0",
        "constructs": "^3.3.69"
      }
    },
    "@aws-cdk/aws-ec2": {
      "version": "1.111.0",
      "resolved": "https://registry.npmjs.org/@aws-cdk/aws-ec2/-/aws-ec2-1.111.0.tgz",
      "integrity": "sha512-fCB4WYPWJj7yAH5Q+0mSJRPE2zIIpCpf+14NhkyPdClrSyPrDuFWPoZDiBXm0ejY0shhmcLDLyt27zzzQ+MbaA==",
      "requires": {
        "@aws-cdk/aws-cloudwatch": "1.111.0",
        "@aws-cdk/aws-iam": "1.111.0",
        "@aws-cdk/aws-kms": "1.111.0",
        "@aws-cdk/aws-logs": "1.111.0",
        "@aws-cdk/aws-s3": "1.111.0",
        "@aws-cdk/aws-s3-assets": "1.111.0",
        "@aws-cdk/aws-ssm": "1.111.0",
        "@aws-cdk/cloud-assembly-schema": "1.111.0",
        "@aws-cdk/core": "1.111.0",
        "@aws-cdk/cx-api": "1.111.0",
        "@aws-cdk/region-info": "1.111.0",
        "constructs": "^3.3.69"
      }
    },
    "@aws-cdk/aws-ecr": {
      "version": "1.111.0",
      "resolved": "https://registry.npmjs.org/@aws-cdk/aws-ecr/-/aws-ecr-1.111.0.tgz",
      "integrity": "sha512-4/qrQ25oUxa+ZjrlJf02+PXF01hLvK/HqfgZt1cIdWDif3KU9SddGI0kIsUk8q0TkhlDDWDdo9DYhQj7+mKB9w==",
      "requires": {
        "@aws-cdk/aws-events": "1.111.0",
        "@aws-cdk/aws-iam": "1.111.0",
        "@aws-cdk/core": "1.111.0",
        "constructs": "^3.3.69"
      }
    },
    "@aws-cdk/aws-ecr-assets": {
      "version": "1.111.0",
      "resolved": "https://registry.npmjs.org/@aws-cdk/aws-ecr-assets/-/aws-ecr-assets-1.111.0.tgz",
      "integrity": "sha512-3jIYD4W30p/Fj8Xtpk4+IuXajgpGoGXbgy+uNdF4OBY2/Xk1APTP3HnAAwtt2JsR4oI+dsS1Zi+ZZRhz24Ea3w==",
      "requires": {
        "@aws-cdk/assets": "1.111.0",
        "@aws-cdk/aws-ecr": "1.111.0",
        "@aws-cdk/aws-iam": "1.111.0",
        "@aws-cdk/aws-s3": "1.111.0",
        "@aws-cdk/core": "1.111.0",
        "@aws-cdk/cx-api": "1.111.0",
        "constructs": "^3.3.69",
        "minimatch": "^3.0.4"
      },
      "dependencies": {
        "balanced-match": {
          "version": "1.0.2",
          "bundled": true
        },
        "brace-expansion": {
          "version": "1.1.11",
          "bundled": true,
          "requires": {
            "balanced-match": "^1.0.0",
            "concat-map": "0.0.1"
          }
        },
        "concat-map": {
          "version": "0.0.1",
          "bundled": true
        },
        "minimatch": {
          "version": "3.0.4",
          "bundled": true,
          "requires": {
            "brace-expansion": "^1.1.7"
          }
        }
      }
    },
    "@aws-cdk/aws-efs": {
      "version": "1.111.0",
      "resolved": "https://registry.npmjs.org/@aws-cdk/aws-efs/-/aws-efs-1.111.0.tgz",
      "integrity": "sha512-WED0nS/A4t+8Z+v1eat8uoHkN5bOwS5hKVNaQpL6/Wxj0rbs6GBD/NahDPtbxk+o7aoDhGshOyLY6GAJRBasJQ==",
      "requires": {
        "@aws-cdk/aws-ec2": "1.111.0",
        "@aws-cdk/aws-kms": "1.111.0",
        "@aws-cdk/cloud-assembly-schema": "1.111.0",
        "@aws-cdk/core": "1.111.0",
        "@aws-cdk/cx-api": "1.111.0",
        "constructs": "^3.3.69"
      }
    },
    "@aws-cdk/aws-elasticloadbalancingv2": {
      "version": "1.111.0",
      "resolved": "https://registry.npmjs.org/@aws-cdk/aws-elasticloadbalancingv2/-/aws-elasticloadbalancingv2-1.111.0.tgz",
      "integrity": "sha512-8RF1cd7/WNTuMAW3/PWT5/x2v0D4mb+9TpgMux5ARo4L2jLqoxdTWlztp60p4hiYLQN8zcwdAPaFl8uFMMHdlw==",
      "requires": {
        "@aws-cdk/aws-certificatemanager": "1.111.0",
        "@aws-cdk/aws-cloudwatch": "1.111.0",
        "@aws-cdk/aws-ec2": "1.111.0",
        "@aws-cdk/aws-iam": "1.111.0",
        "@aws-cdk/aws-lambda": "1.111.0",
        "@aws-cdk/aws-s3": "1.111.0",
        "@aws-cdk/cloud-assembly-schema": "1.111.0",
        "@aws-cdk/core": "1.111.0",
        "@aws-cdk/cx-api": "1.111.0",
        "@aws-cdk/region-info": "1.111.0",
        "constructs": "^3.3.69"
      }
    },
    "@aws-cdk/aws-events": {
      "version": "1.111.0",
      "resolved": "https://registry.npmjs.org/@aws-cdk/aws-events/-/aws-events-1.111.0.tgz",
      "integrity": "sha512-oYQtwyAUQheDF4BL2t6V9uRRd+3aLTMje/Y744JoxELEHPkP1EiEutg3kI0TER/S1BZ/E35wVkj3tR420p3QJg==",
      "requires": {
        "@aws-cdk/aws-iam": "1.111.0",
        "@aws-cdk/core": "1.111.0",
        "constructs": "^3.3.69"
      }
    },
    "@aws-cdk/aws-iam": {
      "version": "1.111.0",
      "resolved": "https://registry.npmjs.org/@aws-cdk/aws-iam/-/aws-iam-1.111.0.tgz",
      "integrity": "sha512-ha0Lv0iudBeuzOlBP5eadoaVf4fASyLDmcBg99f7gHImITaS2T5JqEFY4YRUYjwoJtAUkHTVIcMF2KanWORaIw==",
      "requires": {
        "@aws-cdk/core": "1.111.0",
        "@aws-cdk/region-info": "1.111.0",
        "constructs": "^3.3.69"
      }
    },
    "@aws-cdk/aws-kms": {
      "version": "1.111.0",
      "resolved": "https://registry.npmjs.org/@aws-cdk/aws-kms/-/aws-kms-1.111.0.tgz",
      "integrity": "sha512-m5wu7jRXBHsaevjBrBEjOWmXr9JjyAQWE6m2ONeAw+oNhXt3WZkGzjwIdRbJwX4wOqFv6tjcCvjRzoiKYVEscQ==",
      "requires": {
        "@aws-cdk/aws-iam": "1.111.0",
        "@aws-cdk/core": "1.111.0",
        "@aws-cdk/cx-api": "1.111.0",
        "constructs": "^3.3.69"
      }
    },
    "@aws-cdk/aws-lambda": {
      "version": "1.111.0",
      "resolved": "https://registry.npmjs.org/@aws-cdk/aws-lambda/-/aws-lambda-1.111.0.tgz",
      "integrity": "sha512-4qufD9uqn4FjGUJaRwURJ+G9ntV5Z2adkYkSxyzA3/05we6yYGPmiJvyeTlcV/pI9Ti/STopz45rnwXOB9SOHQ==",
      "requires": {
        "@aws-cdk/aws-applicationautoscaling": "1.111.0",
        "@aws-cdk/aws-cloudwatch": "1.111.0",
        "@aws-cdk/aws-codeguruprofiler": "1.111.0",
        "@aws-cdk/aws-ec2": "1.111.0",
        "@aws-cdk/aws-ecr": "1.111.0",
        "@aws-cdk/aws-ecr-assets": "1.111.0",
        "@aws-cdk/aws-efs": "1.111.0",
        "@aws-cdk/aws-events": "1.111.0",
        "@aws-cdk/aws-iam": "1.111.0",
        "@aws-cdk/aws-kms": "1.111.0",
        "@aws-cdk/aws-logs": "1.111.0",
        "@aws-cdk/aws-s3": "1.111.0",
        "@aws-cdk/aws-s3-assets": "1.111.0",
        "@aws-cdk/aws-signer": "1.111.0",
        "@aws-cdk/aws-sqs": "1.111.0",
        "@aws-cdk/core": "1.111.0",
        "@aws-cdk/cx-api": "1.111.0",
        "constructs": "^3.3.69"
      }
    },
    "@aws-cdk/aws-lambda-nodejs": {
      "version": "1.111.0",
      "resolved": "https://registry.npmjs.org/@aws-cdk/aws-lambda-nodejs/-/aws-lambda-nodejs-1.111.0.tgz",
      "integrity": "sha512-CoPDRiHhiO6DyDmeW+IvEL9H04m0diNyT7Tzm8D8Ne9PlGIrka63/kh6PFZ6k8fKInjT9QmPQmYiRfbklQm4lg==",
      "requires": {
        "@aws-cdk/aws-lambda": "1.111.0",
        "@aws-cdk/core": "1.111.0",
        "constructs": "^3.3.69"
      }
    },
    "@aws-cdk/aws-logs": {
      "version": "1.111.0",
      "resolved": "https://registry.npmjs.org/@aws-cdk/aws-logs/-/aws-logs-1.111.0.tgz",
      "integrity": "sha512-GmVLxVU8axHGL5Yd/HlKz/1ViMNJfl+HC9VO0r132XUcVpSX94ergOJFkdM5oJnjJaLdvzW2ZGtgv0anuAa9mQ==",
      "requires": {
        "@aws-cdk/aws-cloudwatch": "1.111.0",
        "@aws-cdk/aws-iam": "1.111.0",
        "@aws-cdk/aws-kms": "1.111.0",
        "@aws-cdk/aws-s3-assets": "1.111.0",
        "@aws-cdk/core": "1.111.0",
        "constructs": "^3.3.69"
      }
    },
    "@aws-cdk/aws-route53": {
      "version": "1.111.0",
      "resolved": "https://registry.npmjs.org/@aws-cdk/aws-route53/-/aws-route53-1.111.0.tgz",
      "integrity": "sha512-49nrnOtS0B9L2UXvoNvCeOPSHZ8If/SuAOXCTwOoeMf/ZGuTU+POhXA198aJ6JiLPO6Yq6ivJyxYPzjfDayj8g==",
      "requires": {
        "@aws-cdk/aws-ec2": "1.111.0",
        "@aws-cdk/aws-iam": "1.111.0",
        "@aws-cdk/aws-logs": "1.111.0",
        "@aws-cdk/cloud-assembly-schema": "1.111.0",
        "@aws-cdk/core": "1.111.0",
        "@aws-cdk/custom-resources": "1.111.0",
        "constructs": "^3.3.69"
      }
    },
    "@aws-cdk/aws-s3": {
      "version": "1.111.0",
      "resolved": "https://registry.npmjs.org/@aws-cdk/aws-s3/-/aws-s3-1.111.0.tgz",
      "integrity": "sha512-xZiJv/RjN1Cv4dqt9TxNAzw3wxqpPfsV9TQ9EDqzWc9f7ESMUj34+r2DSGHimLIf8WFvy4rFAYXY7akP9v77jA==",
      "requires": {
        "@aws-cdk/aws-events": "1.111.0",
        "@aws-cdk/aws-iam": "1.111.0",
        "@aws-cdk/aws-kms": "1.111.0",
        "@aws-cdk/core": "1.111.0",
        "@aws-cdk/cx-api": "1.111.0",
        "constructs": "^3.3.69"
      }
    },
    "@aws-cdk/aws-s3-assets": {
      "version": "1.111.0",
      "resolved": "https://registry.npmjs.org/@aws-cdk/aws-s3-assets/-/aws-s3-assets-1.111.0.tgz",
      "integrity": "sha512-viKjW0TE+k23HpddxHUO6j+rCQBKmUYuIqvyhYD8p8tnsgmwBNKlLexiDghkd24+RmkFQMhQmrQrT4niSJffEw==",
      "requires": {
        "@aws-cdk/assets": "1.111.0",
        "@aws-cdk/aws-iam": "1.111.0",
        "@aws-cdk/aws-kms": "1.111.0",
        "@aws-cdk/aws-s3": "1.111.0",
        "@aws-cdk/core": "1.111.0",
        "@aws-cdk/cx-api": "1.111.0",
        "constructs": "^3.3.69"
      }
    },
    "@aws-cdk/aws-servicediscovery": {
      "version": "1.111.0",
      "resolved": "https://registry.npmjs.org/@aws-cdk/aws-servicediscovery/-/aws-servicediscovery-1.111.0.tgz",
      "integrity": "sha512-obcUsjxOUqYWbuslOJVdojTxfqduaNOGzj1jWpCymmWxbzYhiE1KMIhfLC9VGPMnA5nt7j37eR1Y5Y5AXOburg==",
      "requires": {
        "@aws-cdk/aws-ec2": "1.111.0",
        "@aws-cdk/aws-elasticloadbalancingv2": "1.111.0",
        "@aws-cdk/aws-route53": "1.111.0",
        "@aws-cdk/core": "1.111.0",
        "constructs": "^3.3.69"
      }
    },
    "@aws-cdk/aws-signer": {
      "version": "1.111.0",
      "resolved": "https://registry.npmjs.org/@aws-cdk/aws-signer/-/aws-signer-1.111.0.tgz",
      "integrity": "sha512-rWXo/kggORGiWctX6YsKSO/+D9UicxHh8z1hNeQXRCvdVAeorY5Xx7DpfMCzpgOc28FF1qwqusWwBP36XDNs1Q==",
      "requires": {
        "@aws-cdk/core": "1.111.0",
        "constructs": "^3.3.69"
      }
    },
    "@aws-cdk/aws-sns": {
      "version": "1.111.0",
      "resolved": "https://registry.npmjs.org/@aws-cdk/aws-sns/-/aws-sns-1.111.0.tgz",
      "integrity": "sha512-EnlG+GmohM8OlZMS1FbAGyc9BHBpMSjxC2gpm6ZmNisFTxpSC66EnkWeXOhD/ZfjqaxiLFEYoKM8IGc6dy2eFg==",
      "requires": {
        "@aws-cdk/aws-cloudwatch": "1.111.0",
        "@aws-cdk/aws-codestarnotifications": "1.111.0",
        "@aws-cdk/aws-events": "1.111.0",
        "@aws-cdk/aws-iam": "1.111.0",
        "@aws-cdk/aws-kms": "1.111.0",
        "@aws-cdk/aws-sqs": "1.111.0",
        "@aws-cdk/core": "1.111.0",
        "constructs": "^3.3.69"
      }
    },
    "@aws-cdk/aws-sqs": {
      "version": "1.111.0",
      "resolved": "https://registry.npmjs.org/@aws-cdk/aws-sqs/-/aws-sqs-1.111.0.tgz",
      "integrity": "sha512-OH/1Tu8uGvPvFkqQD/f0hmOqgDjClMZ8IhM6SZ7zvqYKsFjgrHqyorKcGDViCoWWbN/TNKjbW6rcHtas1KIo/A==",
      "requires": {
        "@aws-cdk/aws-cloudwatch": "1.111.0",
        "@aws-cdk/aws-iam": "1.111.0",
        "@aws-cdk/aws-kms": "1.111.0",
        "@aws-cdk/core": "1.111.0",
        "constructs": "^3.3.69"
      }
    },
    "@aws-cdk/aws-ssm": {
      "version": "1.111.0",
      "resolved": "https://registry.npmjs.org/@aws-cdk/aws-ssm/-/aws-ssm-1.111.0.tgz",
      "integrity": "sha512-/rBwM0j8n78Ih62nnJ2d86hoChWid6BN0qEKYiK/1RqrWyXWpNAVADW0rK1Ous8L0qC1rHOFTCoxDVuIM6+VdQ==",
      "requires": {
        "@aws-cdk/aws-iam": "1.111.0",
        "@aws-cdk/aws-kms": "1.111.0",
        "@aws-cdk/cloud-assembly-schema": "1.111.0",
        "@aws-cdk/core": "1.111.0",
        "constructs": "^3.3.69"
      }
    },
    "@aws-cdk/cfnspec": {
      "version": "1.111.0",
      "resolved": "https://registry.npmjs.org/@aws-cdk/cfnspec/-/cfnspec-1.111.0.tgz",
      "integrity": "sha512-NiogMKjsX1N6C6qwybXESMpjuBE2mNuYaXR5jQjWyveoEPS1tXAHYYRblx34Y1Pjw7B3q5Qs0D0poEMgOd6FCA==",
      "requires": {
        "md5": "^2.3.0"
      }
    },
    "@aws-cdk/cloud-assembly-schema": {
      "version": "1.111.0",
      "resolved": "https://registry.npmjs.org/@aws-cdk/cloud-assembly-schema/-/cloud-assembly-schema-1.111.0.tgz",
      "integrity": "sha512-Ql59HF7PDLQJislHAVhTZE8JHUtb5zikCjHseOuvWh3c5f5jjJ4i7pq9N6wjfamjfC7JGQ7LmRSXP61NIc3aNQ==",
      "requires": {
        "jsonschema": "^1.4.0",
        "semver": "^7.3.5"
      },
      "dependencies": {
        "jsonschema": {
          "version": "1.4.0",
          "bundled": true
        },
        "lru-cache": {
          "version": "6.0.0",
          "bundled": true,
          "requires": {
            "yallist": "^4.0.0"
          }
        },
        "semver": {
          "version": "7.3.5",
          "bundled": true,
          "requires": {
            "lru-cache": "^6.0.0"
          }
        },
        "yallist": {
          "version": "4.0.0",
          "bundled": true
        }
      }
    },
    "@aws-cdk/cloudformation-diff": {
      "version": "1.111.0",
      "resolved": "https://registry.npmjs.org/@aws-cdk/cloudformation-diff/-/cloudformation-diff-1.111.0.tgz",
      "integrity": "sha512-RSOtqHkUJ9rSpzoUwcMJ8Z/c284np8Ue7nkeUVwaf9V8M37O690r1VCAtsS4ksN730o+ah3Es/kt0wZJttR+Lw==",
      "requires": {
        "@aws-cdk/cfnspec": "1.111.0",
        "@types/node": "^10.17.60",
        "colors": "^1.4.0",
        "diff": "^5.0.0",
        "fast-deep-equal": "^3.1.3",
        "string-width": "^4.2.2",
        "table": "^6.7.1"
      }
    },
    "@aws-cdk/core": {
      "version": "1.111.0",
      "resolved": "https://registry.npmjs.org/@aws-cdk/core/-/core-1.111.0.tgz",
      "integrity": "sha512-ptI43hFZ6yClzyBbCQh1LZgy3b8Z0ekkb6XYCf1BtmqmimvQJOyBc68nfn+NaO2uGDRMor2XhkN9qIRpInSR4w==",
      "requires": {
        "@aws-cdk/cloud-assembly-schema": "1.111.0",
        "@aws-cdk/cx-api": "1.111.0",
        "@aws-cdk/region-info": "1.111.0",
        "@balena/dockerignore": "^1.0.2",
        "constructs": "^3.3.69",
        "fs-extra": "^9.1.0",
        "ignore": "^5.1.8",
        "minimatch": "^3.0.4"
      },
      "dependencies": {
        "@balena/dockerignore": {
          "version": "1.0.2",
          "bundled": true
        },
        "at-least-node": {
          "version": "1.0.0",
          "bundled": true
        },
        "balanced-match": {
          "version": "1.0.2",
          "bundled": true
        },
        "brace-expansion": {
          "version": "1.1.11",
          "bundled": true,
          "requires": {
            "balanced-match": "^1.0.0",
            "concat-map": "0.0.1"
          }
        },
        "concat-map": {
          "version": "0.0.1",
          "bundled": true
        },
        "fs-extra": {
          "version": "9.1.0",
          "bundled": true,
          "requires": {
            "at-least-node": "^1.0.0",
            "graceful-fs": "^4.2.0",
            "jsonfile": "^6.0.1",
            "universalify": "^2.0.0"
          }
        },
        "graceful-fs": {
          "version": "4.2.6",
          "bundled": true
        },
        "ignore": {
          "version": "5.1.8",
          "bundled": true
        },
        "jsonfile": {
          "version": "6.1.0",
          "bundled": true,
          "requires": {
            "graceful-fs": "^4.1.6",
            "universalify": "^2.0.0"
          }
        },
        "minimatch": {
          "version": "3.0.4",
          "bundled": true,
          "requires": {
            "brace-expansion": "^1.1.7"
          }
        },
        "universalify": {
          "version": "2.0.0",
          "bundled": true
        }
      }
    },
    "@aws-cdk/custom-resources": {
      "version": "1.111.0",
      "resolved": "https://registry.npmjs.org/@aws-cdk/custom-resources/-/custom-resources-1.111.0.tgz",
      "integrity": "sha512-1RjXUcgKacXQNzjULBkq26OO/WUyX+eKckHtPip2h9fe0nCu3y01zzT6zTt6/GqR0I28T2N3RAV0wzE3Zwy53w==",
      "requires": {
        "@aws-cdk/aws-cloudformation": "1.111.0",
        "@aws-cdk/aws-ec2": "1.111.0",
        "@aws-cdk/aws-iam": "1.111.0",
        "@aws-cdk/aws-lambda": "1.111.0",
        "@aws-cdk/aws-logs": "1.111.0",
        "@aws-cdk/aws-sns": "1.111.0",
        "@aws-cdk/core": "1.111.0",
        "constructs": "^3.3.69"
      }
    },
    "@aws-cdk/cx-api": {
      "version": "1.111.0",
      "resolved": "https://registry.npmjs.org/@aws-cdk/cx-api/-/cx-api-1.111.0.tgz",
      "integrity": "sha512-dGYu+3LapX3Gv4+68kOIQ2igIbAGCqNGcs5+8CFHqilBeRb31FyT5mU5yE3Hkp/+RW0Zy0T+MgCFcu0WXHgJBw==",
      "requires": {
        "@aws-cdk/cloud-assembly-schema": "1.111.0",
        "semver": "^7.3.5"
      },
      "dependencies": {
        "lru-cache": {
          "version": "6.0.0",
          "bundled": true,
          "requires": {
            "yallist": "^4.0.0"
          }
        },
        "semver": {
          "version": "7.3.5",
          "bundled": true,
          "requires": {
            "lru-cache": "^6.0.0"
          }
        },
        "yallist": {
          "version": "4.0.0",
          "bundled": true
        }
      }
    },
    "@aws-cdk/region-info": {
      "version": "1.111.0",
      "resolved": "https://registry.npmjs.org/@aws-cdk/region-info/-/region-info-1.111.0.tgz",
      "integrity": "sha512-xUqNPkg5cEV/df1aSle2cc+yasgyOtFPMXw53PYMTArwfmHMsXb5Lna0lsFddMx4heO+be5XYUrWVijIiPHMIQ=="
    },
    "@babel/runtime": {
      "version": "7.14.6",
      "resolved": "https://registry.npmjs.org/@babel/runtime/-/runtime-7.14.6.tgz",
      "integrity": "sha512-/PCB2uJ7oM44tz8YhC4Z/6PeOKXp4K588f+5M3clr1M4zbqztlo0XEfJ2LEzj/FgwfgGcIdl8n7YYjTCI0BYwg==",
      "requires": {
        "regenerator-runtime": "^0.13.4"
      }
    },
    "@types/lodash": {
      "version": "4.14.171",
      "resolved": "https://registry.npmjs.org/@types/lodash/-/lodash-4.14.171.tgz",
      "integrity": "sha512-7eQ2xYLLI/LsicL2nejW9Wyko3lcpN6O/z0ZLHrEQsg280zIdCv1t/0m6UtBjUHokCGBQ3gYTbHzDkZ1xOBwwg=="
    },
    "@types/node": {
      "version": "10.17.60",
      "resolved": "https://registry.npmjs.org/@types/node/-/node-10.17.60.tgz",
      "integrity": "sha512-F0KIgDJfy2nA3zMLmWGKxcH2ZVEtCZXHHdOQs2gSaQ27+lNeEfGxzkIw90aXswATX7AZ33tahPbzy6KAfUreVw=="
    },
    "ajv": {
      "version": "8.6.1",
      "resolved": "https://registry.npmjs.org/ajv/-/ajv-8.6.1.tgz",
      "integrity": "sha512-42VLtQUOLefAvKFAQIxIZDaThq6om/PrfP0CYk3/vn+y4BMNkKnbli8ON2QCiHov4KkzOSJ/xSoBJdayiiYvVQ==",
      "requires": {
        "fast-deep-equal": "^3.1.1",
        "json-schema-traverse": "^1.0.0",
        "require-from-string": "^2.0.2",
        "uri-js": "^4.2.2"
      }
    },
    "ansi-regex": {
      "version": "5.0.1",
      "resolved": "https://registry.npmjs.org/ansi-regex/-/ansi-regex-5.0.1.tgz",
      "integrity": "sha512-quJQXlTSUGL2LH9SUXo8VwsY4soanhgo6LNSm84E1LBcE8s3O0wpdiRzyR9z/ZZJMlMWv37qOOb9pdJlMUEKFQ=="
    },
    "ansi-styles": {
      "version": "4.3.0",
      "resolved": "https://registry.npmjs.org/ansi-styles/-/ansi-styles-4.3.0.tgz",
      "integrity": "sha512-zbB9rCJAT1rbjiVDb2hqKFHNYLxgtk8NURxZ3IZwD3F6NtxbXZQCnnSi1Lkx+IDohdPlFp222wVALIheZJQSEg==",
      "requires": {
        "color-convert": "^2.0.1"
      }
    },
    "argparse": {
      "version": "1.0.10",
      "resolved": "https://registry.npmjs.org/argparse/-/argparse-1.0.10.tgz",
      "integrity": "sha512-o5Roy6tNG4SL/FOkCAN6RzjiakZS25RLYFrcMttJqbdd8BWrnA+fGz57iN5Pb06pvBGvl5gQ0B48dJlslXvoTg==",
      "requires": {
        "sprintf-js": "~1.0.2"
      }
    },
    "astral-regex": {
      "version": "2.0.0",
      "resolved": "https://registry.npmjs.org/astral-regex/-/astral-regex-2.0.0.tgz",
      "integrity": "sha512-Z7tMw1ytTXt5jqMcOP+OQteU1VuNK9Y02uuJtKQ1Sv69jXQKKg5cibLwGJow8yzZP+eAc18EmLGPal0bp36rvQ=="
    },
    "aws-cdk": {
      "version": "1.174.0",
      "resolved": "https://registry.npmjs.org/aws-cdk/-/aws-cdk-1.174.0.tgz",
      "integrity": "sha512-cAnJ1vx8p0sFoHR5IP4YKd4l3lN7s9Y7+umwb4eNgWr+XSgUbuYiJgS/FD57hIbHN1uoBih3QAE0RA62LVJSFw==",
      "requires": {
        "fsevents": "2.3.2"
      }
    },
    "aws-lambda": {
      "version": "1.0.6",
      "resolved": "https://registry.npmjs.org/aws-lambda/-/aws-lambda-1.0.6.tgz",
      "integrity": "sha512-Z9lmZBiDYejzjMWuQSDXuZWAqAun6vGt7WApB1r0f8tLNf0IlTGsH30qENfP1kXeTbbMgPpt1bPEeMZjYDTXxQ==",
      "requires": {
        "aws-sdk": "*",
        "commander": "^3.0.2",
        "js-yaml": "^3.13.1",
        "watchpack": "^2.0.0-beta.10"
      }
    },
    "aws-sdk": {
      "version": "2.941.0",
      "resolved": "https://registry.npmjs.org/aws-sdk/-/aws-sdk-2.941.0.tgz",
      "integrity": "sha512-MzVYHaZNtWy7UgFnCBg8rXFfSd4svjUVkLpQnPb/XJb3Qq4082SN5ZjaDITFFAQs/xttV3jm5jtbbcc5dpICYg==",
      "requires": {
        "buffer": "4.9.2",
        "events": "1.1.1",
        "ieee754": "1.1.13",
        "jmespath": "0.15.0",
        "querystring": "0.2.0",
        "sax": "1.2.1",
        "url": "0.10.3",
        "uuid": "3.3.2",
        "xml2js": "0.4.19"
      },
      "dependencies": {
        "uuid": {
          "version": "3.3.2",
          "resolved": "https://registry.npmjs.org/uuid/-/uuid-3.3.2.tgz",
          "integrity": "sha512-yXJmeNaw3DnnKAOKJE51sL/ZaYfWJRl1pK9dr19YFCu0ObS231AB1/LbqTKRAQ5kw8A90rA6fr4riOUpTZvQZA=="
        }
      }
    },
    "base64-js": {
      "version": "1.5.1",
      "resolved": "https://registry.npmjs.org/base64-js/-/base64-js-1.5.1.tgz",
      "integrity": "sha512-AKpaYlHn8t4SVbOHCy+b5+KKgvR4vrsD8vbvrbiQJps7fKDTkjkDry6ji0rUJjC0kzbNePLwzxq8iypo41qeWA=="
    },
    "buffer": {
      "version": "4.9.2",
      "resolved": "https://registry.npmjs.org/buffer/-/buffer-4.9.2.tgz",
      "integrity": "sha512-xq+q3SRMOxGivLhBNaUdC64hDTQwejJ+H0T/NB1XMtTVEwNTrfFF3gAxiyW0Bu/xWEGhjVKgUcMhCrUy2+uCWg==",
      "requires": {
        "base64-js": "^1.0.2",
        "ieee754": "^1.1.4",
        "isarray": "^1.0.0"
      }
    },
    "buffer-from": {
      "version": "1.1.1",
      "resolved": "https://registry.npmjs.org/buffer-from/-/buffer-from-1.1.1.tgz",
      "integrity": "sha512-MQcXEUbCKtEo7bhqEs6560Hyd4XaovZlO/k9V3hjVUF/zwW7KBVdSK4gIt/bzwS9MbR5qob+F5jusZsb0YQK2A=="
    },
    "charenc": {
      "version": "0.0.2",
      "resolved": "https://registry.npmjs.org/charenc/-/charenc-0.0.2.tgz",
      "integrity": "sha1-wKHS86cJLgN3S/qD8UwPxXkKhmc="
    },
    "color-convert": {
      "version": "2.0.1",
      "resolved": "https://registry.npmjs.org/color-convert/-/color-convert-2.0.1.tgz",
      "integrity": "sha512-RRECPsj7iu/xb5oKYcsFHSppFNnsj/52OVTRKb4zP5onXwVF3zVmmToNcOfGC+CRDpfK/U584fMg38ZHCaElKQ==",
      "requires": {
        "color-name": "~1.1.4"
      }
    },
    "color-name": {
      "version": "1.1.4",
      "resolved": "https://registry.npmjs.org/color-name/-/color-name-1.1.4.tgz",
      "integrity": "sha512-dOy+3AuW3a2wNbZHIuMZpTcgjGuLU/uBL/ubcZF9OXbDo8ff4O8yVp5Bf0efS8uEoYo5q4Fx7dY9OgQGXgAsQA=="
    },
    "colors": {
      "version": "1.4.0",
      "resolved": "https://registry.npmjs.org/colors/-/colors-1.4.0.tgz",
      "integrity": "sha512-a+UqTh4kgZg/SlGvfbzDHpgRu7AAQOmmqRHJnxhRZICKFUT91brVhNNt58CMWU9PsBbv3PDCZUHbVxuDiH2mtA=="
    },
    "commander": {
      "version": "3.0.2",
      "resolved": "https://registry.npmjs.org/commander/-/commander-3.0.2.tgz",
      "integrity": "sha512-Gar0ASD4BDyKC4hl4DwHqDrmvjoxWKZigVnAbn5H1owvm4CxCPdb0HQDehwNYMJpla5+M2tPmPARzhtYuwpHow=="
    },
    "constructs": {
      "version": "3.3.97",
      "resolved": "https://registry.npmjs.org/constructs/-/constructs-3.3.97.tgz",
      "integrity": "sha512-KDemmmUBgTDd2OKVOZkVEJM1LwP/bzm+cs2l/v1UYctIUl2X4LW+MrK7Ajd8blKkS5Vp6edkQSTSHUJnR/413w=="
    },
    "crypt": {
      "version": "0.0.2",
      "resolved": "https://registry.npmjs.org/crypt/-/crypt-0.0.2.tgz",
      "integrity": "sha1-iNf/fsDfuG9xPch7u0LQRNPmxBs="
    },
    "diff": {
      "version": "5.0.0",
      "resolved": "https://registry.npmjs.org/diff/-/diff-5.0.0.tgz",
      "integrity": "sha512-/VTCrvm5Z0JGty/BWHljh+BAiw3IK+2j87NGMu8Nwc/f48WoDAC395uomO9ZD117ZOBaHmkX1oyLvkVM/aIT3w=="
    },
    "emoji-regex": {
      "version": "8.0.0",
      "resolved": "https://registry.npmjs.org/emoji-regex/-/emoji-regex-8.0.0.tgz",
      "integrity": "sha512-MSjYzcWNOA0ewAHpz0MxpYFvwg6yjy1NG3xteoqz644VCo/RPgnr1/GGt+ic3iJTzQ8Eu3TdM14SawnVUmGE6A=="
    },
    "esbuild": {
      "version": "0.8.57",
      "resolved": "https://registry.npmjs.org/esbuild/-/esbuild-0.8.57.tgz",
      "integrity": "sha512-j02SFrUwFTRUqiY0Kjplwjm1psuzO1d6AjaXKuOR9hrY0HuPsT6sV42B6myW34h1q4CRy+Y3g4RU/cGJeI/nNA==",
      "dev": true
    },
    "esprima": {
      "version": "4.0.1",
      "resolved": "https://registry.npmjs.org/esprima/-/esprima-4.0.1.tgz",
      "integrity": "sha512-eGuFFw7Upda+g4p+QHvnW0RyTX/SVeJBDM/gCtMARO0cLuT2HcEKnTPvhjV6aGeqrCB/sbNop0Kszm0jsaWU4A=="
    },
    "events": {
      "version": "1.1.1",
      "resolved": "https://registry.npmjs.org/events/-/events-1.1.1.tgz",
      "integrity": "sha1-nr23Y1rQmccNzEwqH1AEKI6L2SQ="
    },
    "fast-deep-equal": {
      "version": "3.1.3",
      "resolved": "https://registry.npmjs.org/fast-deep-equal/-/fast-deep-equal-3.1.3.tgz",
      "integrity": "sha512-f3qQ9oQy9j2AhBe/H9VC91wLmKBCCU/gDOnKNAYG5hswO7BLKj09Hc5HYNz9cGI++xlpDCIgDaitVs03ATR84Q=="
    },
    "fsevents": {
      "version": "2.3.2",
      "resolved": "https://registry.npmjs.org/fsevents/-/fsevents-2.3.2.tgz",
      "integrity": "sha512-xiqMQR4xAeHTuB9uWm+fFRcIOgKBMiOBP+eXiyT7jsgVCq1bkVygt00oASowB7EdtpOHaaPgKt812P9ab+DDKA==",
      "optional": true
    },
    "glob-to-regexp": {
      "version": "0.4.1",
      "resolved": "https://registry.npmjs.org/glob-to-regexp/-/glob-to-regexp-0.4.1.tgz",
      "integrity": "sha512-lkX1HJXwyMcprw/5YUZc2s7DrpAiHB21/V+E1rHUrVNokkvB6bqMzT0VfV6/86ZNabt1k14YOIaT7nDvOX3Iiw=="
    },
    "graceful-fs": {
      "version": "4.2.6",
      "resolved": "https://registry.npmjs.org/graceful-fs/-/graceful-fs-4.2.6.tgz",
      "integrity": "sha512-nTnJ528pbqxYanhpDYsi4Rd8MAeaBA67+RZ10CM1m3bTAVFEDcd5AuA4a6W5YkGZ1iNXHzZz8T6TBKLeBuNriQ=="
    },
    "ieee754": {
      "version": "1.1.13",
      "resolved": "https://registry.npmjs.org/ieee754/-/ieee754-1.1.13.tgz",
      "integrity": "sha512-4vf7I2LYV/HaWerSo3XmlMkp5eZ83i+/CDluXi/IGTs/O1sejBNhTtnxzmRZfvOUqj7lZjqHkeTvpgSFDlWZTg=="
    },
    "inherits": {
      "version": "2.0.3",
      "resolved": "https://registry.npmjs.org/inherits/-/inherits-2.0.3.tgz",
      "integrity": "sha1-Yzwsg+PaQqUC9SRmAiSA9CCCYd4="
    },
    "is-buffer": {
      "version": "1.1.6",
      "resolved": "https://registry.npmjs.org/is-buffer/-/is-buffer-1.1.6.tgz",
      "integrity": "sha512-NcdALwpXkTm5Zvvbk7owOUSvVvBKDgKP5/ewfXEznmQFfs4ZRmanOeKBTjRVjka3QFoN6XJ+9F3USqfHqTaU5w=="
    },
    "is-fullwidth-code-point": {
      "version": "3.0.0",
      "resolved": "https://registry.npmjs.org/is-fullwidth-code-point/-/is-fullwidth-code-point-3.0.0.tgz",
      "integrity": "sha512-zymm5+u+sCsSWyD9qNaejV3DFvhCKclKdizYaJUuHA83RLjb7nSuGnddCHGv0hk+KY7BMAlsWeK4Ueg6EV6XQg=="
    },
    "isarray": {
      "version": "1.0.0",
      "resolved": "https://registry.npmjs.org/isarray/-/isarray-1.0.0.tgz",
      "integrity": "sha1-u5NdSFgsuhaMBoNJV6VKPgcSTxE="
    },
    "jmespath": {
      "version": "0.15.0",
      "resolved": "https://registry.npmjs.org/jmespath/-/jmespath-0.15.0.tgz",
      "integrity": "sha1-o/Iiqarp+Wb10nx5ZRDigJF2Qhc="
    },
    "js-yaml": {
      "version": "3.14.1",
      "resolved": "https://registry.npmjs.org/js-yaml/-/js-yaml-3.14.1.tgz",
      "integrity": "sha512-okMH7OXXJ7YrN9Ok3/SXrnu4iX9yOk+25nqX4imS2npuvTYDmo/QEZoqwZkYaIDk3jVvBOTOIEgEhaLOynBS9g==",
      "requires": {
        "argparse": "^1.0.7",
        "esprima": "^4.0.0"
      }
    },
    "json-schema-traverse": {
      "version": "1.0.0",
      "resolved": "https://registry.npmjs.org/json-schema-traverse/-/json-schema-traverse-1.0.0.tgz",
      "integrity": "sha512-NM8/P9n3XjXhIZn1lLhkFaACTOURQXjWhV4BA/RnOv8xvgqtqpAX9IO4mRQxSx1Rlo4tqzeqb0sOlruaOy3dug=="
    },
    "lodash": {
      "version": "4.17.21",
      "resolved": "https://registry.npmjs.org/lodash/-/lodash-4.17.21.tgz",
      "integrity": "sha512-v2kDEe57lecTulaDIuNTPy3Ry4gLGJ6Z1O3vE1krgXZNrsQ+LFTGHVxVjcXPs17LhbZVGedAJv8XZ1tvj5FvSg=="
    },
    "lodash-es": {
      "version": "4.17.21",
      "resolved": "https://registry.npmjs.org/lodash-es/-/lodash-es-4.17.21.tgz",
      "integrity": "sha512-mKnC+QJ9pWVzv+C4/U3rRsHapFfHvQFoFB92e52xeyGMcX6/OlIl78je1u8vePzYZSkkogMPJ2yjxxsb89cxyw=="
    },
    "lodash.clonedeep": {
      "version": "4.5.0",
      "resolved": "https://registry.npmjs.org/lodash.clonedeep/-/lodash.clonedeep-4.5.0.tgz",
      "integrity": "sha1-4j8/nE+Pvd6HJSnBBxhXoIblzO8="
    },
    "lodash.truncate": {
      "version": "4.4.2",
      "resolved": "https://registry.npmjs.org/lodash.truncate/-/lodash.truncate-4.4.2.tgz",
      "integrity": "sha1-WjUNoLERO4N+z//VgSy+WNbq4ZM="
    },
    "md5": {
      "version": "2.3.0",
      "resolved": "https://registry.npmjs.org/md5/-/md5-2.3.0.tgz",
      "integrity": "sha512-T1GITYmFaKuO91vxyoQMFETst+O71VUPEU3ze5GNzDm0OWdP8v1ziTaAEPUr/3kLsY3Sftgz242A1SetQiDL7g==",
      "requires": {
        "charenc": "0.0.2",
        "crypt": "0.0.2",
        "is-buffer": "~1.1.6"
      }
    },
    "nanoclone": {
      "version": "0.2.1",
      "resolved": "https://registry.npmjs.org/nanoclone/-/nanoclone-0.2.1.tgz",
      "integrity": "sha512-wynEP02LmIbLpcYw8uBKpcfF6dmg2vcpKqxeH5UcoKEYdExslsdUA4ugFauuaeYdTB76ez6gJW8XAZ6CgkXYxA=="
    },
    "path": {
      "version": "0.12.7",
      "resolved": "https://registry.npmjs.org/path/-/path-0.12.7.tgz",
      "integrity": "sha1-1NwqUGxM4hl+tIHr/NWzbAFAsQ8=",
      "requires": {
        "process": "^0.11.1",
        "util": "^0.10.3"
      }
    },
    "process": {
      "version": "0.11.10",
      "resolved": "https://registry.npmjs.org/process/-/process-0.11.10.tgz",
      "integrity": "sha1-czIwDoQBYb2j5podHZGn1LwW8YI="
    },
    "property-expr": {
      "version": "2.0.4",
      "resolved": "https://registry.npmjs.org/property-expr/-/property-expr-2.0.4.tgz",
      "integrity": "sha512-sFPkHQjVKheDNnPvotjQmm3KD3uk1fWKUN7CrpdbwmUx3CrG3QiM8QpTSimvig5vTXmTvjz7+TDvXOI9+4rkcg=="
    },
    "punycode": {
      "version": "2.1.1",
      "resolved": "https://registry.npmjs.org/punycode/-/punycode-2.1.1.tgz",
      "integrity": "sha512-XRsRjdf+j5ml+y/6GKHPZbrF/8p2Yga0JPtdqTIY2Xe5ohJPD9saDJJLPvp9+NSBprVvevdXZybnj2cv8OEd0A=="
    },
    "querystring": {
      "version": "0.2.0",
      "resolved": "https://registry.npmjs.org/querystring/-/querystring-0.2.0.tgz",
      "integrity": "sha1-sgmEkgO7Jd+CDadW50cAWHhSFiA="
    },
    "regenerator-runtime": {
      "version": "0.13.7",
      "resolved": "https://registry.npmjs.org/regenerator-runtime/-/regenerator-runtime-0.13.7.tgz",
      "integrity": "sha512-a54FxoJDIr27pgf7IgeQGxmqUNYrcV338lf/6gH456HZ/PhX+5BcwHXG9ajESmwe6WRO0tAzRUrRmNONWgkrew=="
    },
    "require-from-string": {
      "version": "2.0.2",
      "resolved": "https://registry.npmjs.org/require-from-string/-/require-from-string-2.0.2.tgz",
      "integrity": "sha512-Xf0nWe6RseziFMu+Ap9biiUbmplq6S9/p+7w7YXP/JBHhrUDDUhwa+vANyubuqfZWTveU//DYVGsDG7RKL/vEw=="
    },
    "sax": {
      "version": "1.2.1",
      "resolved": "https://registry.npmjs.org/sax/-/sax-1.2.1.tgz",
      "integrity": "sha1-e45lYZCyKOgaZq6nSEgNgozS03o="
    },
    "slice-ansi": {
      "version": "4.0.0",
      "resolved": "https://registry.npmjs.org/slice-ansi/-/slice-ansi-4.0.0.tgz",
      "integrity": "sha512-qMCMfhY040cVHT43K9BFygqYbUPFZKHOg7K73mtTWJRb8pyP3fzf4Ixd5SzdEJQ6MRUg/WBnOLxghZtKKurENQ==",
      "requires": {
        "ansi-styles": "^4.0.0",
        "astral-regex": "^2.0.0",
        "is-fullwidth-code-point": "^3.0.0"
      }
    },
    "source-map": {
      "version": "0.6.1",
      "resolved": "https://registry.npmjs.org/source-map/-/source-map-0.6.1.tgz",
      "integrity": "sha512-UjgapumWlbMhkBgzT7Ykc5YXUT46F0iKu8SGXq0bcwP5dz/h0Plj6enJqjz1Zbq2l5WaqYnrVbwWOWMyF3F47g=="
    },
    "source-map-support": {
      "version": "0.5.19",
      "resolved": "https://registry.npmjs.org/source-map-support/-/source-map-support-0.5.19.tgz",
      "integrity": "sha512-Wonm7zOCIJzBGQdB+thsPar0kYuCIzYvxZwlBa87yi/Mdjv7Tip2cyVbLj5o0cFPN4EVkuTwb3GDDyUx2DGnGw==",
      "requires": {
        "buffer-from": "^1.0.0",
        "source-map": "^0.6.0"
      }
    },
    "sprintf-js": {
      "version": "1.0.3",
      "resolved": "https://registry.npmjs.org/sprintf-js/-/sprintf-js-1.0.3.tgz",
      "integrity": "sha1-BOaSb2YolTVPPdAVIDYzuFcpfiw="
    },
    "string-width": {
      "version": "4.2.2",
      "resolved": "https://registry.npmjs.org/string-width/-/string-width-4.2.2.tgz",
      "integrity": "sha512-XBJbT3N4JhVumXE0eoLU9DCjcaF92KLNqTmFCnG1pf8duUxFGwtP6AD6nkjw9a3IdiRtL3E2w3JDiE/xi3vOeA==",
      "requires": {
        "emoji-regex": "^8.0.0",
        "is-fullwidth-code-point": "^3.0.0",
        "strip-ansi": "^6.0.0"
      }
    },
    "strip-ansi": {
      "version": "6.0.0",
      "resolved": "https://registry.npmjs.org/strip-ansi/-/strip-ansi-6.0.0.tgz",
      "integrity": "sha512-AuvKTrTfQNYNIctbR1K/YGTR1756GycPsg7b9bdV9Duqur4gv6aKqHXah67Z8ImS7WEz5QVcOtlfW2rZEugt6w==",
      "requires": {
        "ansi-regex": "^5.0.0"
      }
    },
    "table": {
      "version": "6.7.1",
      "resolved": "https://registry.npmjs.org/table/-/table-6.7.1.tgz",
      "integrity": "sha512-ZGum47Yi6KOOFDE8m223td53ath2enHcYLgOCjGr5ngu8bdIARQk6mN/wRMv4yMRcHnCSnHbCEha4sobQx5yWg==",
      "requires": {
        "ajv": "^8.0.1",
        "lodash.clonedeep": "^4.5.0",
        "lodash.truncate": "^4.4.2",
        "slice-ansi": "^4.0.0",
        "string-width": "^4.2.0",
        "strip-ansi": "^6.0.0"
      }
    },
    "toposort": {
      "version": "2.0.2",
      "resolved": "https://registry.npmjs.org/toposort/-/toposort-2.0.2.tgz",
      "integrity": "sha1-riF2gXXRVZ1IvvNUILL0li8JwzA="
    },
    "uri-js": {
      "version": "4.4.1",
      "resolved": "https://registry.npmjs.org/uri-js/-/uri-js-4.4.1.tgz",
      "integrity": "sha512-7rKUyy33Q1yc98pQ1DAmLtwX109F7TIfWlW1Ydo8Wl1ii1SeHieeh0HHfPeL2fMXK6z0s8ecKs9frCuLJvndBg==",
      "requires": {
        "punycode": "^2.1.0"
      }
    },
    "url": {
      "version": "0.10.3",
      "resolved": "https://registry.npmjs.org/url/-/url-0.10.3.tgz",
      "integrity": "sha1-Ah5NnHcF8hu/N9A861h2dAJ3TGQ=",
      "requires": {
        "punycode": "1.3.2",
        "querystring": "0.2.0"
      },
      "dependencies": {
        "punycode": {
          "version": "1.3.2",
          "resolved": "https://registry.npmjs.org/punycode/-/punycode-1.3.2.tgz",
          "integrity": "sha1-llOgNvt8HuQjQvIyXM7v6jkmxI0="
        }
      }
    },
    "util": {
      "version": "0.10.4",
      "resolved": "https://registry.npmjs.org/util/-/util-0.10.4.tgz",
      "integrity": "sha512-0Pm9hTQ3se5ll1XihRic3FDIku70C+iHUdT/W926rSgHV5QgXsYbKZN8MSC3tJtSkhuROzvsQjAaFENRXr+19A==",
      "requires": {
        "inherits": "2.0.3"
      }
    },
    "uuid": {
      "version": "8.3.2",
      "resolved": "https://registry.npmjs.org/uuid/-/uuid-8.3.2.tgz",
      "integrity": "sha512-+NYs2QeMWy+GWFOEm9xnn6HCDp0l7QBD7ml8zLUmJ+93Q5NF0NocErnwkTkXVFNiX3/fpC6afS8Dhb/gz7R7eg=="
    },
    "watchpack": {
      "version": "2.2.0",
      "resolved": "https://registry.npmjs.org/watchpack/-/watchpack-2.2.0.tgz",
      "integrity": "sha512-up4YAn/XHgZHIxFBVCdlMiWDj6WaLKpwVeGQk2I5thdYxF/KmF0aaz6TfJZ/hfl1h/XlcDr7k1KH7ThDagpFaA==",
      "requires": {
        "glob-to-regexp": "^0.4.1",
        "graceful-fs": "^4.1.2"
      }
    },
    "xml2js": {
      "version": "0.4.19",
      "resolved": "https://registry.npmjs.org/xml2js/-/xml2js-0.4.19.tgz",
      "integrity": "sha512-esZnJZJOiJR9wWKMyuvSE1y6Dq5LCuJanqhxslH2bxM6duahNZ+HMpCLhBQGZkbX6xRf8x1Y2eJlgt2q3qo49Q==",
      "requires": {
        "sax": ">=0.6.0",
        "xmlbuilder": "~9.0.1"
      }
    },
    "xmlbuilder": {
      "version": "9.0.7",
      "resolved": "https://registry.npmjs.org/xmlbuilder/-/xmlbuilder-9.0.7.tgz",
      "integrity": "sha1-Ey7mPS7FVlxVfiD0wi35rKaGsQ0="
    },
    "yup": {
      "version": "0.32.9",
      "resolved": "https://registry.npmjs.org/yup/-/yup-0.32.9.tgz",
      "integrity": "sha512-Ci1qN+i2H0XpY7syDQ0k5zKQ/DoxO0LzPg8PAR/X4Mpj6DqaeCoIYEEjDJwhArh3Fa7GWbQQVDZKeXYlSH4JMg==",
      "requires": {
        "@babel/runtime": "^7.10.5",
        "@types/lodash": "^4.14.165",
        "lodash": "^4.17.20",
        "lodash-es": "^4.17.15",
        "nanoclone": "^0.2.1",
        "property-expr": "^2.0.4",
        "toposort": "^2.0.2"
      }
    }
  }
}
